
Microsoft Visual Studio Solution File, Format Version 12.00
# Visual Studio Version 17
VisualStudioVersion = 17.0.32112.339
MinimumVisualStudioVersion = 10.0.40219.1
Project("{9A19103F-16F7-4668-BE54-9A1E7A4F7556}") = "ElectroJournal", "ElectroJournal\ElectroJournal.csproj", "{05394797-E416-4A84-9EF2-F381A9423CA4}"
EndProject
Project("{9A19103F-16F7-4668-BE54-9A1E7A4F7556}") = "NickBuhro.Translit", "Translit-master\NickBuhro.Translit\NickBuhro.Translit.csproj", "{7E1B1096-6DEC-473D-BDC7-AA23FC446EE8}"
EndProject
Project("{9A19103F-16F7-4668-BE54-9A1E7A4F7556}") = "MahApps.Metro", "MahApps.Metro-2.4.9\src\MahApps.Metro\MahApps.Metro.csproj", "{75C81E92-2E18-415C-BDF9-0BCFB765F988}"
EndProject
Project("{FAE04EC0-301F-11D3-BF4B-00C04F79EFBC}") = "Notifications.Wpf", "Notifications.Wpf\Notifications.Wpf.csproj", "{5C9A4F46-263D-4C23-B361-F09E14BB109E}"
EndProject
Project("{9A19103F-16F7-4668-BE54-9A1E7A4F7556}") = "ModernWpf", "ModernWpf\ModernWpf.csproj", "{A8DA700C-BB56-4086-9632-767A86D59B89}"
EndProject
Project("{9A19103F-16F7-4668-BE54-9A1E7A4F7556}") = "ModernWpf.Controls", "ModernWpf.Controls\ModernWpf.Controls.csproj", "{B8F87078-6AFE-4776-8ABF-80141A07FF3F}"
EndProject
Project("{9A19103F-16F7-4668-BE54-9A1E7A4F7556}") = "ModernWpf.SampleApp", "ModernWpf.SampleApp\ModernWpf.SampleApp.csproj", "{8F0D7610-EE70-43CB-B138-B46EC7BFA181}"
EndProject
Project("{9A19103F-16F7-4668-BE54-9A1E7A4F7556}") = "WPFUI", "wpfui-main\WPFUI\WPFUI.csproj", "{1ADC87D1-8963-4100-845A-18477824718E}"
EndProject
Project("{FAE04EC0-301F-11D3-BF4B-00C04F79EFBC}") = "UpdateElectroJournal", "UpdateElectroJournal\UpdateElectroJournal.csproj", "{3EA5B281-854D-41D3-AF07-31F65F57E3DB}"
EndProject
Project("{9A19103F-16F7-4668-BE54-9A1E7A4F7556}") = "Updater", "Updater\Updater.csproj", "{C8596C79-A949-4BF7-BDE1-D28A81CDED4D}"
EndProject
Project("{9A19103F-16F7-4668-BE54-9A1E7A4F7556}") = "UpdaterUnZip", "UpdaterUnZip\UpdaterUnZip.csproj", "{D59498EF-8E18-4611-9C5E-6E22BF7701C3}"
EndProject
Project("{9A19103F-16F7-4668-BE54-9A1E7A4F7556}") = "StartEJ", "StartEJ\StartEJ.csproj", "{7DD58687-3269-437F-BF35-356A1DBE4D47}"
EndProject
Global
	GlobalSection(SolutionConfigurationPlatforms) = preSolution
		Debug|Any CPU = Debug|Any CPU
		Debug|x64 = Debug|x64
		Debug|x86 = Debug|x86
		Release 4.0|Any CPU = Release 4.0|Any CPU
		Release 4.0|x64 = Release 4.0|x64
		Release 4.0|x86 = Release 4.0|x86
		Release 4.5|Any CPU = Release 4.5|Any CPU
		Release 4.5|x64 = Release 4.5|x64
		Release 4.5|x86 = Release 4.5|x86
		Release 4.6.1|Any CPU = Release 4.6.1|Any CPU
		Release 4.6.1|x64 = Release 4.6.1|x64
		Release 4.6.1|x86 = Release 4.6.1|x86
		Release|Any CPU = Release|Any CPU
		Release|x64 = Release|x64
		Release|x86 = Release|x86
	EndGlobalSection
	GlobalSection(ProjectConfigurationPlatforms) = postSolution
		{05394797-E416-4A84-9EF2-F381A9423CA4}.Debug|Any CPU.ActiveCfg = Debug|Any CPU
		{05394797-E416-4A84-9EF2-F381A9423CA4}.Debug|Any CPU.Build.0 = Debug|Any CPU
		{05394797-E416-4A84-9EF2-F381A9423CA4}.Debug|x64.ActiveCfg = Debug|x64
		{05394797-E416-4A84-9EF2-F381A9423CA4}.Debug|x64.Build.0 = Debug|x64
		{05394797-E416-4A84-9EF2-F381A9423CA4}.Debug|x86.ActiveCfg = Debug|x86
		{05394797-E416-4A84-9EF2-F381A9423CA4}.Debug|x86.Build.0 = Debug|x86
		{05394797-E416-4A84-9EF2-F381A9423CA4}.Release 4.0|Any CPU.ActiveCfg = Release|Any CPU
		{05394797-E416-4A84-9EF2-F381A9423CA4}.Release 4.0|Any CPU.Build.0 = Release|Any CPU
		{05394797-E416-4A84-9EF2-F381A9423CA4}.Release 4.0|x64.ActiveCfg = Release|x64
		{05394797-E416-4A84-9EF2-F381A9423CA4}.Release 4.0|x64.Build.0 = Release|x64
		{05394797-E416-4A84-9EF2-F381A9423CA4}.Release 4.0|x86.ActiveCfg = Release|x86
		{05394797-E416-4A84-9EF2-F381A9423CA4}.Release 4.0|x86.Build.0 = Release|x86
		{05394797-E416-4A84-9EF2-F381A9423CA4}.Release 4.5|Any CPU.ActiveCfg = Release|Any CPU
		{05394797-E416-4A84-9EF2-F381A9423CA4}.Release 4.5|Any CPU.Build.0 = Release|Any CPU
		{05394797-E416-4A84-9EF2-F381A9423CA4}.Release 4.5|x64.ActiveCfg = Release|x64
		{05394797-E416-4A84-9EF2-F381A9423CA4}.Release 4.5|x64.Build.0 = Release|x64
		{05394797-E416-4A84-9EF2-F381A9423CA4}.Release 4.5|x86.ActiveCfg = Release|x86
		{05394797-E416-4A84-9EF2-F381A9423CA4}.Release 4.5|x86.Build.0 = Release|x86
		{05394797-E416-4A84-9EF2-F381A9423CA4}.Release 4.6.1|Any CPU.ActiveCfg = Release|Any CPU
		{05394797-E416-4A84-9EF2-F381A9423CA4}.Release 4.6.1|Any CPU.Build.0 = Release|Any CPU
		{05394797-E416-4A84-9EF2-F381A9423CA4}.Release 4.6.1|x64.ActiveCfg = Release|x64
		{05394797-E416-4A84-9EF2-F381A9423CA4}.Release 4.6.1|x64.Build.0 = Release|x64
		{05394797-E416-4A84-9EF2-F381A9423CA4}.Release 4.6.1|x86.ActiveCfg = Release|x86
		{05394797-E416-4A84-9EF2-F381A9423CA4}.Release 4.6.1|x86.Build.0 = Release|x86
		{05394797-E416-4A84-9EF2-F381A9423CA4}.Release|Any CPU.ActiveCfg = Release|Any CPU
		{05394797-E416-4A84-9EF2-F381A9423CA4}.Release|Any CPU.Build.0 = Release|Any CPU
		{05394797-E416-4A84-9EF2-F381A9423CA4}.Release|x64.ActiveCfg = Release|x64
		{05394797-E416-4A84-9EF2-F381A9423CA4}.Release|x64.Build.0 = Release|x64
		{05394797-E416-4A84-9EF2-F381A9423CA4}.Release|x86.ActiveCfg = Release|x86
		{05394797-E416-4A84-9EF2-F381A9423CA4}.Release|x86.Build.0 = Release|x86
		{7E1B1096-6DEC-473D-BDC7-AA23FC446EE8}.Debug|Any CPU.ActiveCfg = Debug|Any CPU
		{7E1B1096-6DEC-473D-BDC7-AA23FC446EE8}.Debug|Any CPU.Build.0 = Debug|Any CPU
		{7E1B1096-6DEC-473D-BDC7-AA23FC446EE8}.Debug|x64.ActiveCfg = Debug|x64
		{7E1B1096-6DEC-473D-BDC7-AA23FC446EE8}.Debug|x64.Build.0 = Debug|x64
		{7E1B1096-6DEC-473D-BDC7-AA23FC446EE8}.Debug|x86.ActiveCfg = Debug|x86
		{7E1B1096-6DEC-473D-BDC7-AA23FC446EE8}.Debug|x86.Build.0 = Debug|x86
		{7E1B1096-6DEC-473D-BDC7-AA23FC446EE8}.Release 4.0|Any CPU.ActiveCfg = Release|Any CPU
		{7E1B1096-6DEC-473D-BDC7-AA23FC446EE8}.Release 4.0|Any CPU.Build.0 = Release|Any CPU
		{7E1B1096-6DEC-473D-BDC7-AA23FC446EE8}.Release 4.0|x64.ActiveCfg = Release|x64
		{7E1B1096-6DEC-473D-BDC7-AA23FC446EE8}.Release 4.0|x64.Build.0 = Release|x64
		{7E1B1096-6DEC-473D-BDC7-AA23FC446EE8}.Release 4.0|x86.ActiveCfg = Release|x86
		{7E1B1096-6DEC-473D-BDC7-AA23FC446EE8}.Release 4.0|x86.Build.0 = Release|x86
		{7E1B1096-6DEC-473D-BDC7-AA23FC446EE8}.Release 4.5|Any CPU.ActiveCfg = Release|Any CPU
		{7E1B1096-6DEC-473D-BDC7-AA23FC446EE8}.Release 4.5|Any CPU.Build.0 = Release|Any CPU
		{7E1B1096-6DEC-473D-BDC7-AA23FC446EE8}.Release 4.5|x64.ActiveCfg = Release|x64
		{7E1B1096-6DEC-473D-BDC7-AA23FC446EE8}.Release 4.5|x64.Build.0 = Release|x64
		{7E1B1096-6DEC-473D-BDC7-AA23FC446EE8}.Release 4.5|x86.ActiveCfg = Release|x86
		{7E1B1096-6DEC-473D-BDC7-AA23FC446EE8}.Release 4.5|x86.Build.0 = Release|x86
		{7E1B1096-6DEC-473D-BDC7-AA23FC446EE8}.Release 4.6.1|Any CPU.ActiveCfg = Release|Any CPU
		{7E1B1096-6DEC-473D-BDC7-AA23FC446EE8}.Release 4.6.1|Any CPU.Build.0 = Release|Any CPU
		{7E1B1096-6DEC-473D-BDC7-AA23FC446EE8}.Release 4.6.1|x64.ActiveCfg = Release|x64
		{7E1B1096-6DEC-473D-BDC7-AA23FC446EE8}.Release 4.6.1|x64.Build.0 = Release|x64
		{7E1B1096-6DEC-473D-BDC7-AA23FC446EE8}.Release 4.6.1|x86.ActiveCfg = Release|x86
		{7E1B1096-6DEC-473D-BDC7-AA23FC446EE8}.Release 4.6.1|x86.Build.0 = Release|x86
		{7E1B1096-6DEC-473D-BDC7-AA23FC446EE8}.Release|Any CPU.ActiveCfg = Release|Any CPU
		{7E1B1096-6DEC-473D-BDC7-AA23FC446EE8}.Release|Any CPU.Build.0 = Release|Any CPU
		{7E1B1096-6DEC-473D-BDC7-AA23FC446EE8}.Release|x64.ActiveCfg = Release|x64
		{7E1B1096-6DEC-473D-BDC7-AA23FC446EE8}.Release|x64.Build.0 = Release|x64
		{7E1B1096-6DEC-473D-BDC7-AA23FC446EE8}.Release|x86.ActiveCfg = Release|x86
		{7E1B1096-6DEC-473D-BDC7-AA23FC446EE8}.Release|x86.Build.0 = Release|x86
		{75C81E92-2E18-415C-BDF9-0BCFB765F988}.Debug|Any CPU.ActiveCfg = Debug|Any CPU
		{75C81E92-2E18-415C-BDF9-0BCFB765F988}.Debug|Any CPU.Build.0 = Debug|Any CPU
		{75C81E92-2E18-415C-BDF9-0BCFB765F988}.Debug|x64.ActiveCfg = Debug|Any CPU
		{75C81E92-2E18-415C-BDF9-0BCFB765F988}.Debug|x64.Build.0 = Debug|Any CPU
		{75C81E92-2E18-415C-BDF9-0BCFB765F988}.Debug|x86.ActiveCfg = Debug|x86
		{75C81E92-2E18-415C-BDF9-0BCFB765F988}.Debug|x86.Build.0 = Debug|x86
		{75C81E92-2E18-415C-BDF9-0BCFB765F988}.Release 4.0|Any CPU.ActiveCfg = Release|Any CPU
		{75C81E92-2E18-415C-BDF9-0BCFB765F988}.Release 4.0|Any CPU.Build.0 = Release|Any CPU
		{75C81E92-2E18-415C-BDF9-0BCFB765F988}.Release 4.0|x64.ActiveCfg = Release|Any CPU
		{75C81E92-2E18-415C-BDF9-0BCFB765F988}.Release 4.0|x64.Build.0 = Release|Any CPU
		{75C81E92-2E18-415C-BDF9-0BCFB765F988}.Release 4.0|x86.ActiveCfg = Release|x86
		{75C81E92-2E18-415C-BDF9-0BCFB765F988}.Release 4.0|x86.Build.0 = Release|x86
		{75C81E92-2E18-415C-BDF9-0BCFB765F988}.Release 4.5|Any CPU.ActiveCfg = Release|Any CPU
		{75C81E92-2E18-415C-BDF9-0BCFB765F988}.Release 4.5|Any CPU.Build.0 = Release|Any CPU
		{75C81E92-2E18-415C-BDF9-0BCFB765F988}.Release 4.5|x64.ActiveCfg = Release|Any CPU
		{75C81E92-2E18-415C-BDF9-0BCFB765F988}.Release 4.5|x64.Build.0 = Release|Any CPU
		{75C81E92-2E18-415C-BDF9-0BCFB765F988}.Release 4.5|x86.ActiveCfg = Release|x86
		{75C81E92-2E18-415C-BDF9-0BCFB765F988}.Release 4.5|x86.Build.0 = Release|x86
		{75C81E92-2E18-415C-BDF9-0BCFB765F988}.Release 4.6.1|Any CPU.ActiveCfg = Release|Any CPU
		{75C81E92-2E18-415C-BDF9-0BCFB765F988}.Release 4.6.1|Any CPU.Build.0 = Release|Any CPU
		{75C81E92-2E18-415C-BDF9-0BCFB765F988}.Release 4.6.1|x64.ActiveCfg = Release|Any CPU
		{75C81E92-2E18-415C-BDF9-0BCFB765F988}.Release 4.6.1|x64.Build.0 = Release|Any CPU
		{75C81E92-2E18-415C-BDF9-0BCFB765F988}.Release 4.6.1|x86.ActiveCfg = Release|x86
		{75C81E92-2E18-415C-BDF9-0BCFB765F988}.Release 4.6.1|x86.Build.0 = Release|x86
		{75C81E92-2E18-415C-BDF9-0BCFB765F988}.Release|Any CPU.ActiveCfg = Release|Any CPU
		{75C81E92-2E18-415C-BDF9-0BCFB765F988}.Release|Any CPU.Build.0 = Release|Any CPU
		{75C81E92-2E18-415C-BDF9-0BCFB765F988}.Release|x64.ActiveCfg = Release|Any CPU
		{75C81E92-2E18-415C-BDF9-0BCFB765F988}.Release|x64.Build.0 = Release|Any CPU
		{75C81E92-2E18-415C-BDF9-0BCFB765F988}.Release|x86.ActiveCfg = Release|x86
		{75C81E92-2E18-415C-BDF9-0BCFB765F988}.Release|x86.Build.0 = Release|x86
		{5C9A4F46-263D-4C23-B361-F09E14BB109E}.Debug|Any CPU.ActiveCfg = Debug|Any CPU
		{5C9A4F46-263D-4C23-B361-F09E14BB109E}.Debug|Any CPU.Build.0 = Debug|Any CPU
		{5C9A4F46-263D-4C23-B361-F09E14BB109E}.Debug|x64.ActiveCfg = Debug|Any CPU
		{5C9A4F46-263D-4C23-B361-F09E14BB109E}.Debug|x64.Build.0 = Debug|Any CPU
		{5C9A4F46-263D-4C23-B361-F09E14BB109E}.Debug|x86.ActiveCfg = Debug|x86
		{5C9A4F46-263D-4C23-B361-F09E14BB109E}.Debug|x86.Build.0 = Debug|x86
		{5C9A4F46-263D-4C23-B361-F09E14BB109E}.Release 4.0|Any CPU.ActiveCfg = Release 4.0|Any CPU
		{5C9A4F46-263D-4C23-B361-F09E14BB109E}.Release 4.0|Any CPU.Build.0 = Release 4.0|Any CPU
		{5C9A4F46-263D-4C23-B361-F09E14BB109E}.Release 4.0|x64.ActiveCfg = Release 4.0|Any CPU
		{5C9A4F46-263D-4C23-B361-F09E14BB109E}.Release 4.0|x64.Build.0 = Release 4.0|Any CPU
		{5C9A4F46-263D-4C23-B361-F09E14BB109E}.Release 4.0|x86.ActiveCfg = Release 4.0|x86
		{5C9A4F46-263D-4C23-B361-F09E14BB109E}.Release 4.0|x86.Build.0 = Release 4.0|x86
		{5C9A4F46-263D-4C23-B361-F09E14BB109E}.Release 4.5|Any CPU.ActiveCfg = Release 4.5|Any CPU
		{5C9A4F46-263D-4C23-B361-F09E14BB109E}.Release 4.5|Any CPU.Build.0 = Release 4.5|Any CPU
		{5C9A4F46-263D-4C23-B361-F09E14BB109E}.Release 4.5|x64.ActiveCfg = Release 4.5|Any CPU
		{5C9A4F46-263D-4C23-B361-F09E14BB109E}.Release 4.5|x64.Build.0 = Release 4.5|Any CPU
		{5C9A4F46-263D-4C23-B361-F09E14BB109E}.Release 4.5|x86.ActiveCfg = Release 4.5|x86
		{5C9A4F46-263D-4C23-B361-F09E14BB109E}.Release 4.5|x86.Build.0 = Release 4.5|x86
		{5C9A4F46-263D-4C23-B361-F09E14BB109E}.Release 4.6.1|Any CPU.ActiveCfg = Release 4.6.1|Any CPU
		{5C9A4F46-263D-4C23-B361-F09E14BB109E}.Release 4.6.1|Any CPU.Build.0 = Release 4.6.1|Any CPU
		{5C9A4F46-263D-4C23-B361-F09E14BB109E}.Release 4.6.1|x64.ActiveCfg = Release 4.6.1|Any CPU
		{5C9A4F46-263D-4C23-B361-F09E14BB109E}.Release 4.6.1|x64.Build.0 = Release 4.6.1|Any CPU
		{5C9A4F46-263D-4C23-B361-F09E14BB109E}.Release 4.6.1|x86.ActiveCfg = Release 4.6.1|x86
		{5C9A4F46-263D-4C23-B361-F09E14BB109E}.Release 4.6.1|x86.Build.0 = Release 4.6.1|x86
		{5C9A4F46-263D-4C23-B361-F09E14BB109E}.Release|Any CPU.ActiveCfg = Release 4.0|Any CPU
		{5C9A4F46-263D-4C23-B361-F09E14BB109E}.Release|Any CPU.Build.0 = Release 4.0|Any CPU
		{5C9A4F46-263D-4C23-B361-F09E14BB109E}.Release|x64.ActiveCfg = Release 4.6.1|Any CPU
		{5C9A4F46-263D-4C23-B361-F09E14BB109E}.Release|x64.Build.0 = Release 4.6.1|Any CPU
		{5C9A4F46-263D-4C23-B361-F09E14BB109E}.Release|x86.ActiveCfg = Release 4.0|x86
		{5C9A4F46-263D-4C23-B361-F09E14BB109E}.Release|x86.Build.0 = Release 4.0|x86
		{A8DA700C-BB56-4086-9632-767A86D59B89}.Debug|Any CPU.ActiveCfg = Debug|Any CPU
		{A8DA700C-BB56-4086-9632-767A86D59B89}.Debug|Any CPU.Build.0 = Debug|Any CPU
		{A8DA700C-BB56-4086-9632-767A86D59B89}.Debug|x64.ActiveCfg = Debug|Any CPU
		{A8DA700C-BB56-4086-9632-767A86D59B89}.Debug|x86.ActiveCfg = Debug|Any CPU
		{A8DA700C-BB56-4086-9632-767A86D59B89}.Release 4.0|Any CPU.ActiveCfg = Release|Any CPU
		{A8DA700C-BB56-4086-9632-767A86D59B89}.Release 4.0|Any CPU.Build.0 = Release|Any CPU
		{A8DA700C-BB56-4086-9632-767A86D59B89}.Release 4.0|x64.ActiveCfg = Release|Any CPU
		{A8DA700C-BB56-4086-9632-767A86D59B89}.Release 4.0|x86.ActiveCfg = Release|Any CPU
		{A8DA700C-BB56-4086-9632-767A86D59B89}.Release 4.5|Any CPU.ActiveCfg = Release|Any CPU
		{A8DA700C-BB56-4086-9632-767A86D59B89}.Release 4.5|Any CPU.Build.0 = Release|Any CPU
		{A8DA700C-BB56-4086-9632-767A86D59B89}.Release 4.5|x64.ActiveCfg = Release|Any CPU
		{A8DA700C-BB56-4086-9632-767A86D59B89}.Release 4.5|x86.ActiveCfg = Release|Any CPU
		{A8DA700C-BB56-4086-9632-767A86D59B89}.Release 4.6.1|Any CPU.ActiveCfg = Release|Any CPU
		{A8DA700C-BB56-4086-9632-767A86D59B89}.Release 4.6.1|Any CPU.Build.0 = Release|Any CPU
		{A8DA700C-BB56-4086-9632-767A86D59B89}.Release 4.6.1|x64.ActiveCfg = Release|Any CPU
		{A8DA700C-BB56-4086-9632-767A86D59B89}.Release 4.6.1|x86.ActiveCfg = Release|Any CPU
		{A8DA700C-BB56-4086-9632-767A86D59B89}.Release|Any CPU.ActiveCfg = Release|Any CPU
		{A8DA700C-BB56-4086-9632-767A86D59B89}.Release|Any CPU.Build.0 = Release|Any CPU
		{A8DA700C-BB56-4086-9632-767A86D59B89}.Release|x64.ActiveCfg = Release|Any CPU
		{A8DA700C-BB56-4086-9632-767A86D59B89}.Release|x86.ActiveCfg = Release|Any CPU
		{B8F87078-6AFE-4776-8ABF-80141A07FF3F}.Debug|Any CPU.ActiveCfg = Debug|Any CPU
		{B8F87078-6AFE-4776-8ABF-80141A07FF3F}.Debug|Any CPU.Build.0 = Debug|Any CPU
		{B8F87078-6AFE-4776-8ABF-80141A07FF3F}.Debug|x64.ActiveCfg = Debug|Any CPU
		{B8F87078-6AFE-4776-8ABF-80141A07FF3F}.Debug|x86.ActiveCfg = Debug|Any CPU
		{B8F87078-6AFE-4776-8ABF-80141A07FF3F}.Release 4.0|Any CPU.ActiveCfg = Release|Any CPU
		{B8F87078-6AFE-4776-8ABF-80141A07FF3F}.Release 4.0|Any CPU.Build.0 = Release|Any CPU
		{B8F87078-6AFE-4776-8ABF-80141A07FF3F}.Release 4.0|x64.ActiveCfg = Release|Any CPU
		{B8F87078-6AFE-4776-8ABF-80141A07FF3F}.Release 4.0|x86.ActiveCfg = Release|Any CPU
		{B8F87078-6AFE-4776-8ABF-80141A07FF3F}.Release 4.5|Any CPU.ActiveCfg = Release|Any CPU
		{B8F87078-6AFE-4776-8ABF-80141A07FF3F}.Release 4.5|Any CPU.Build.0 = Release|Any CPU
		{B8F87078-6AFE-4776-8ABF-80141A07FF3F}.Release 4.5|x64.ActiveCfg = Release|Any CPU
		{B8F87078-6AFE-4776-8ABF-80141A07FF3F}.Release 4.5|x86.ActiveCfg = Release|Any CPU
		{B8F87078-6AFE-4776-8ABF-80141A07FF3F}.Release 4.6.1|Any CPU.ActiveCfg = Release|Any CPU
		{B8F87078-6AFE-4776-8ABF-80141A07FF3F}.Release 4.6.1|Any CPU.Build.0 = Release|Any CPU
		{B8F87078-6AFE-4776-8ABF-80141A07FF3F}.Release 4.6.1|x64.ActiveCfg = Release|Any CPU
		{B8F87078-6AFE-4776-8ABF-80141A07FF3F}.Release 4.6.1|x86.ActiveCfg = Release|Any CPU
		{B8F87078-6AFE-4776-8ABF-80141A07FF3F}.Release|Any CPU.ActiveCfg = Release|Any CPU
		{B8F87078-6AFE-4776-8ABF-80141A07FF3F}.Release|Any CPU.Build.0 = Release|Any CPU
		{B8F87078-6AFE-4776-8ABF-80141A07FF3F}.Release|x64.ActiveCfg = Release|Any CPU
		{B8F87078-6AFE-4776-8ABF-80141A07FF3F}.Release|x86.ActiveCfg = Release|Any CPU
		{8F0D7610-EE70-43CB-B138-B46EC7BFA181}.Debug|Any CPU.ActiveCfg = Debug|Any CPU
		{8F0D7610-EE70-43CB-B138-B46EC7BFA181}.Debug|Any CPU.Build.0 = Debug|Any CPU
		{8F0D7610-EE70-43CB-B138-B46EC7BFA181}.Debug|x64.ActiveCfg = Debug|Any CPU
		{8F0D7610-EE70-43CB-B138-B46EC7BFA181}.Debug|x86.ActiveCfg = Debug|Any CPU
		{8F0D7610-EE70-43CB-B138-B46EC7BFA181}.Release 4.0|Any CPU.ActiveCfg = Release|Any CPU
		{8F0D7610-EE70-43CB-B138-B46EC7BFA181}.Release 4.0|Any CPU.Build.0 = Release|Any CPU
		{8F0D7610-EE70-43CB-B138-B46EC7BFA181}.Release 4.0|x64.ActiveCfg = Release|Any CPU
		{8F0D7610-EE70-43CB-B138-B46EC7BFA181}.Release 4.0|x86.ActiveCfg = Release|Any CPU
		{8F0D7610-EE70-43CB-B138-B46EC7BFA181}.Release 4.5|Any CPU.ActiveCfg = Release|Any CPU
		{8F0D7610-EE70-43CB-B138-B46EC7BFA181}.Release 4.5|Any CPU.Build.0 = Release|Any CPU
		{8F0D7610-EE70-43CB-B138-B46EC7BFA181}.Release 4.5|x64.ActiveCfg = Release|Any CPU
		{8F0D7610-EE70-43CB-B138-B46EC7BFA181}.Release 4.5|x86.ActiveCfg = Release|Any CPU
		{8F0D7610-EE70-43CB-B138-B46EC7BFA181}.Release 4.6.1|Any CPU.ActiveCfg = Release|Any CPU
		{8F0D7610-EE70-43CB-B138-B46EC7BFA181}.Release 4.6.1|Any CPU.Build.0 = Release|Any CPU
		{8F0D7610-EE70-43CB-B138-B46EC7BFA181}.Release 4.6.1|x64.ActiveCfg = Release|Any CPU
		{8F0D7610-EE70-43CB-B138-B46EC7BFA181}.Release 4.6.1|x86.ActiveCfg = Release|Any CPU
		{8F0D7610-EE70-43CB-B138-B46EC7BFA181}.Release|Any CPU.ActiveCfg = Release|Any CPU
		{8F0D7610-EE70-43CB-B138-B46EC7BFA181}.Release|Any CPU.Build.0 = Release|Any CPU
		{8F0D7610-EE70-43CB-B138-B46EC7BFA181}.Release|x64.ActiveCfg = Release|Any CPU
		{8F0D7610-EE70-43CB-B138-B46EC7BFA181}.Release|x86.ActiveCfg = Release|Any CPU
		{1ADC87D1-8963-4100-845A-18477824718E}.Debug|Any CPU.ActiveCfg = Debug|Any CPU
		{1ADC87D1-8963-4100-845A-18477824718E}.Debug|Any CPU.Build.0 = Debug|Any CPU
		{1ADC87D1-8963-4100-845A-18477824718E}.Debug|x64.ActiveCfg = Debug|Any CPU
		{1ADC87D1-8963-4100-845A-18477824718E}.Debug|x64.Build.0 = Debug|Any CPU
		{1ADC87D1-8963-4100-845A-18477824718E}.Debug|x86.ActiveCfg = Debug|x86
		{1ADC87D1-8963-4100-845A-18477824718E}.Debug|x86.Build.0 = Debug|x86
		{1ADC87D1-8963-4100-845A-18477824718E}.Release 4.0|Any CPU.ActiveCfg = Release|Any CPU
		{1ADC87D1-8963-4100-845A-18477824718E}.Release 4.0|Any CPU.Build.0 = Release|Any CPU
		{1ADC87D1-8963-4100-845A-18477824718E}.Release 4.0|x64.ActiveCfg = Release|Any CPU
		{1ADC87D1-8963-4100-845A-18477824718E}.Release 4.0|x64.Build.0 = Release|Any CPU
		{1ADC87D1-8963-4100-845A-18477824718E}.Release 4.0|x86.ActiveCfg = Release|x86
		{1ADC87D1-8963-4100-845A-18477824718E}.Release 4.0|x86.Build.0 = Release|x86
		{1ADC87D1-8963-4100-845A-18477824718E}.Release 4.5|Any CPU.ActiveCfg = Release|Any CPU
		{1ADC87D1-8963-4100-845A-18477824718E}.Release 4.5|Any CPU.Build.0 = Release|Any CPU
		{1ADC87D1-8963-4100-845A-18477824718E}.Release 4.5|x64.ActiveCfg = Release|Any CPU
		{1ADC87D1-8963-4100-845A-18477824718E}.Release 4.5|x64.Build.0 = Release|Any CPU
		{1ADC87D1-8963-4100-845A-18477824718E}.Release 4.5|x86.ActiveCfg = Release|x86
		{1ADC87D1-8963-4100-845A-18477824718E}.Release 4.5|x86.Build.0 = Release|x86
		{1ADC87D1-8963-4100-845A-18477824718E}.Release 4.6.1|Any CPU.ActiveCfg = Release|Any CPU
		{1ADC87D1-8963-4100-845A-18477824718E}.Release 4.6.1|Any CPU.Build.0 = Release|Any CPU
		{1ADC87D1-8963-4100-845A-18477824718E}.Release 4.6.1|x64.ActiveCfg = Release|Any CPU
		{1ADC87D1-8963-4100-845A-18477824718E}.Release 4.6.1|x64.Build.0 = Release|Any CPU
		{1ADC87D1-8963-4100-845A-18477824718E}.Release 4.6.1|x86.ActiveCfg = Release|x86
		{1ADC87D1-8963-4100-845A-18477824718E}.Release 4.6.1|x86.Build.0 = Release|x86
		{1ADC87D1-8963-4100-845A-18477824718E}.Release|Any CPU.ActiveCfg = Release|Any CPU
		{1ADC87D1-8963-4100-845A-18477824718E}.Release|Any CPU.Build.0 = Release|Any CPU
		{1ADC87D1-8963-4100-845A-18477824718E}.Release|x64.ActiveCfg = Release|Any CPU
		{1ADC87D1-8963-4100-845A-18477824718E}.Release|x64.Build.0 = Release|Any CPU
		{1ADC87D1-8963-4100-845A-18477824718E}.Release|x86.ActiveCfg = Release|x86
		{1ADC87D1-8963-4100-845A-18477824718E}.Release|x86.Build.0 = Release|x86
		{3EA5B281-854D-41D3-AF07-31F65F57E3DB}.Debug|Any CPU.ActiveCfg = Debug|Any CPU
		{3EA5B281-854D-41D3-AF07-31F65F57E3DB}.Debug|Any CPU.Build.0 = Debug|Any CPU
		{3EA5B281-854D-41D3-AF07-31F65F57E3DB}.Debug|x64.ActiveCfg = Debug|Any CPU
		{3EA5B281-854D-41D3-AF07-31F65F57E3DB}.Debug|x64.Build.0 = Debug|Any CPU
		{3EA5B281-854D-41D3-AF07-31F65F57E3DB}.Debug|x86.ActiveCfg = Debug|x86
		{3EA5B281-854D-41D3-AF07-31F65F57E3DB}.Debug|x86.Build.0 = Debug|x86
		{3EA5B281-854D-41D3-AF07-31F65F57E3DB}.Release 4.0|Any CPU.ActiveCfg = Release|Any CPU
		{3EA5B281-854D-41D3-AF07-31F65F57E3DB}.Release 4.0|Any CPU.Build.0 = Release|Any CPU
		{3EA5B281-854D-41D3-AF07-31F65F57E3DB}.Release 4.0|x64.ActiveCfg = Release|Any CPU
		{3EA5B281-854D-41D3-AF07-31F65F57E3DB}.Release 4.0|x64.Build.0 = Release|Any CPU
		{3EA5B281-854D-41D3-AF07-31F65F57E3DB}.Release 4.0|x86.ActiveCfg = Release|x86
		{3EA5B281-854D-41D3-AF07-31F65F57E3DB}.Release 4.0|x86.Build.0 = Release|x86
		{3EA5B281-854D-41D3-AF07-31F65F57E3DB}.Release 4.5|Any CPU.ActiveCfg = Release|Any CPU
		{3EA5B281-854D-41D3-AF07-31F65F57E3DB}.Release 4.5|Any CPU.Build.0 = Release|Any CPU
		{3EA5B281-854D-41D3-AF07-31F65F57E3DB}.Release 4.5|x64.ActiveCfg = Release|Any CPU
		{3EA5B281-854D-41D3-AF07-31F65F57E3DB}.Release 4.5|x64.Build.0 = Release|Any CPU
		{3EA5B281-854D-41D3-AF07-31F65F57E3DB}.Release 4.5|x86.ActiveCfg = Release|x86
		{3EA5B281-854D-41D3-AF07-31F65F57E3DB}.Release 4.5|x86.Build.0 = Release|x86
		{3EA5B281-854D-41D3-AF07-31F65F57E3DB}.Release 4.6.1|Any CPU.ActiveCfg = Release|Any CPU
		{3EA5B281-854D-41D3-AF07-31F65F57E3DB}.Release 4.6.1|Any CPU.Build.0 = Release|Any CPU
		{3EA5B281-854D-41D3-AF07-31F65F57E3DB}.Release 4.6.1|x64.ActiveCfg = Release|Any CPU
		{3EA5B281-854D-41D3-AF07-31F65F57E3DB}.Release 4.6.1|x64.Build.0 = Release|Any CPU
		{3EA5B281-854D-41D3-AF07-31F65F57E3DB}.Release 4.6.1|x86.ActiveCfg = Release|x86
		{3EA5B281-854D-41D3-AF07-31F65F57E3DB}.Release 4.6.1|x86.Build.0 = Release|x86
		{3EA5B281-854D-41D3-AF07-31F65F57E3DB}.Release|Any CPU.ActiveCfg = Release|Any CPU
		{3EA5B281-854D-41D3-AF07-31F65F57E3DB}.Release|Any CPU.Build.0 = Release|Any CPU
		{3EA5B281-854D-41D3-AF07-31F65F57E3DB}.Release|x64.ActiveCfg = Release|Any CPU
		{3EA5B281-854D-41D3-AF07-31F65F57E3DB}.Release|x64.Build.0 = Release|Any CPU
		{3EA5B281-854D-41D3-AF07-31F65F57E3DB}.Release|x86.ActiveCfg = Release|x86
		{3EA5B281-854D-41D3-AF07-31F65F57E3DB}.Release|x86.Build.0 = Release|x86
		{C8596C79-A949-4BF7-BDE1-D28A81CDED4D}.Debug|Any CPU.ActiveCfg = Debug|Any CPU
		{C8596C79-A949-4BF7-BDE1-D28A81CDED4D}.Debug|Any CPU.Build.0 = Debug|Any CPU
		{C8596C79-A949-4BF7-BDE1-D28A81CDED4D}.Debug|x64.ActiveCfg = Debug|Any CPU
		{C8596C79-A949-4BF7-BDE1-D28A81CDED4D}.Debug|x64.Build.0 = Debug|Any CPU
		{C8596C79-A949-4BF7-BDE1-D28A81CDED4D}.Debug|x86.ActiveCfg = Debug|x86
		{C8596C79-A949-4BF7-BDE1-D28A81CDED4D}.Debug|x86.Build.0 = Debug|x86
		{C8596C79-A949-4BF7-BDE1-D28A81CDED4D}.Release 4.0|Any CPU.ActiveCfg = Release|Any CPU
		{C8596C79-A949-4BF7-BDE1-D28A81CDED4D}.Release 4.0|Any CPU.Build.0 = Release|Any CPU
		{C8596C79-A949-4BF7-BDE1-D28A81CDED4D}.Release 4.0|x64.ActiveCfg = Release|Any CPU
		{C8596C79-A949-4BF7-BDE1-D28A81CDED4D}.Release 4.0|x64.Build.0 = Release|Any CPU
		{C8596C79-A949-4BF7-BDE1-D28A81CDED4D}.Release 4.0|x86.ActiveCfg = Release|x86
		{C8596C79-A949-4BF7-BDE1-D28A81CDED4D}.Release 4.0|x86.Build.0 = Release|x86
		{C8596C79-A949-4BF7-BDE1-D28A81CDED4D}.Release 4.5|Any CPU.ActiveCfg = Release|Any CPU
		{C8596C79-A949-4BF7-BDE1-D28A81CDED4D}.Release 4.5|Any CPU.Build.0 = Release|Any CPU
		{C8596C79-A949-4BF7-BDE1-D28A81CDED4D}.Release 4.5|x64.ActiveCfg = Release|Any CPU
		{C8596C79-A949-4BF7-BDE1-D28A81CDED4D}.Release 4.5|x64.Build.0 = Release|Any CPU
		{C8596C79-A949-4BF7-BDE1-D28A81CDED4D}.Release 4.5|x86.ActiveCfg = Release|x86
		{C8596C79-A949-4BF7-BDE1-D28A81CDED4D}.Release 4.5|x86.Build.0 = Release|x86
		{C8596C79-A949-4BF7-BDE1-D28A81CDED4D}.Release 4.6.1|Any CPU.ActiveCfg = Release|Any CPU
		{C8596C79-A949-4BF7-BDE1-D28A81CDED4D}.Release 4.6.1|Any CPU.Build.0 = Release|Any CPU
		{C8596C79-A949-4BF7-BDE1-D28A81CDED4D}.Release 4.6.1|x64.ActiveCfg = Release|Any CPU
		{C8596C79-A949-4BF7-BDE1-D28A81CDED4D}.Release 4.6.1|x64.Build.0 = Release|Any CPU
		{C8596C79-A949-4BF7-BDE1-D28A81CDED4D}.Release 4.6.1|x86.ActiveCfg = Release|x86
		{C8596C79-A949-4BF7-BDE1-D28A81CDED4D}.Release 4.6.1|x86.Build.0 = Release|x86
		{C8596C79-A949-4BF7-BDE1-D28A81CDED4D}.Release|Any CPU.ActiveCfg = Release|Any CPU
		{C8596C79-A949-4BF7-BDE1-D28A81CDED4D}.Release|Any CPU.Build.0 = Release|Any CPU
		{C8596C79-A949-4BF7-BDE1-D28A81CDED4D}.Release|x64.ActiveCfg = Release|Any CPU
		{C8596C79-A949-4BF7-BDE1-D28A81CDED4D}.Release|x64.Build.0 = Release|Any CPU
		{C8596C79-A949-4BF7-BDE1-D28A81CDED4D}.Release|x86.ActiveCfg = Release|x86
		{C8596C79-A949-4BF7-BDE1-D28A81CDED4D}.Release|x86.Build.0 = Release|x86
		{D59498EF-8E18-4611-9C5E-6E22BF7701C3}.Debug|Any CPU.ActiveCfg = Debug|Any CPU
		{D59498EF-8E18-4611-9C5E-6E22BF7701C3}.Debug|Any CPU.Build.0 = Debug|Any CPU
		{D59498EF-8E18-4611-9C5E-6E22BF7701C3}.Debug|x64.ActiveCfg = Debug|Any CPU
		{D59498EF-8E18-4611-9C5E-6E22BF7701C3}.Debug|x64.Build.0 = Debug|Any CPU
		{D59498EF-8E18-4611-9C5E-6E22BF7701C3}.Debug|x86.ActiveCfg = Debug|x86
		{D59498EF-8E18-4611-9C5E-6E22BF7701C3}.Debug|x86.Build.0 = Debug|x86
		{D59498EF-8E18-4611-9C5E-6E22BF7701C3}.Release 4.0|Any CPU.ActiveCfg = Release|Any CPU
		{D59498EF-8E18-4611-9C5E-6E22BF7701C3}.Release 4.0|Any CPU.Build.0 = Release|Any CPU
		{D59498EF-8E18-4611-9C5E-6E22BF7701C3}.Release 4.0|x64.ActiveCfg = Release|Any CPU
		{D59498EF-8E18-4611-9C5E-6E22BF7701C3}.Release 4.0|x64.Build.0 = Release|Any CPU
		{D59498EF-8E18-4611-9C5E-6E22BF7701C3}.Release 4.0|x86.ActiveCfg = Release|x86
		{D59498EF-8E18-4611-9C5E-6E22BF7701C3}.Release 4.0|x86.Build.0 = Release|x86
		{D59498EF-8E18-4611-9C5E-6E22BF7701C3}.Release 4.5|Any CPU.ActiveCfg = Release|Any CPU
		{D59498EF-8E18-4611-9C5E-6E22BF7701C3}.Release 4.5|Any CPU.Build.0 = Release|Any CPU
		{D59498EF-8E18-4611-9C5E-6E22BF7701C3}.Release 4.5|x64.ActiveCfg = Release|Any CPU
		{D59498EF-8E18-4611-9C5E-6E22BF7701C3}.Release 4.5|x64.Build.0 = Release|Any CPU
		{D59498EF-8E18-4611-9C5E-6E22BF7701C3}.Release 4.5|x86.ActiveCfg = Release|x86
		{D59498EF-8E18-4611-9C5E-6E22BF7701C3}.Release 4.5|x86.Build.0 = Release|x86
		{D59498EF-8E18-4611-9C5E-6E22BF7701C3}.Release 4.6.1|Any CPU.ActiveCfg = Release|Any CPU
		{D59498EF-8E18-4611-9C5E-6E22BF7701C3}.Release 4.6.1|Any CPU.Build.0 = Release|Any CPU
		{D59498EF-8E18-4611-9C5E-6E22BF7701C3}.Release 4.6.1|x64.ActiveCfg = Release|Any CPU
		{D59498EF-8E18-4611-9C5E-6E22BF7701C3}.Release 4.6.1|x64.Build.0 = Release|Any CPU
		{D59498EF-8E18-4611-9C5E-6E22BF7701C3}.Release 4.6.1|x86.ActiveCfg = Release|x86
		{D59498EF-8E18-4611-9C5E-6E22BF7701C3}.Release 4.6.1|x86.Build.0 = Release|x86
		{D59498EF-8E18-4611-9C5E-6E22BF7701C3}.Release|Any CPU.ActiveCfg = Release|Any CPU
		{D59498EF-8E18-4611-9C5E-6E22BF7701C3}.Release|Any CPU.Build.0 = Release|Any CPU
		{D59498EF-8E18-4611-9C5E-6E22BF7701C3}.Release|x64.ActiveCfg = Release|Any CPU
		{D59498EF-8E18-4611-9C5E-6E22BF7701C3}.Release|x64.Build.0 = Release|Any CPU
		{D59498EF-8E18-4611-9C5E-6E22BF7701C3}.Release|x86.ActiveCfg = Release|x86
		{D59498EF-8E18-4611-9C5E-6E22BF7701C3}.Release|x86.Build.0 = Release|x86
		{7DD58687-3269-437F-BF35-356A1DBE4D47}.Debug|Any CPU.ActiveCfg = Debug|Any CPU
		{7DD58687-3269-437F-BF35-356A1DBE4D47}.Debug|Any CPU.Build.0 = Debug|Any CPU
		{7DD58687-3269-437F-BF35-356A1DBE4D47}.Debug|x64.ActiveCfg = Debug|Any CPU
		{7DD58687-3269-437F-BF35-356A1DBE4D47}.Debug|x64.Build.0 = Debug|Any CPU
		{7DD58687-3269-437F-BF35-356A1DBE4D47}.Debug|x86.ActiveCfg = Debug|x86
		{7DD58687-3269-437F-BF35-356A1DBE4D47}.Debug|x86.Build.0 = Debug|x86
		{7DD58687-3269-437F-BF35-356A1DBE4D47}.Release 4.0|Any CPU.ActiveCfg = Release|Any CPU
		{7DD58687-3269-437F-BF35-356A1DBE4D47}.Release 4.0|Any CPU.Build.0 = Release|Any CPU
		{7DD58687-3269-437F-BF35-356A1DBE4D47}.Release 4.0|x64.ActiveCfg = Release|Any CPU
		{7DD58687-3269-437F-BF35-356A1DBE4D47}.Release 4.0|x64.Build.0 = Release|Any CPU
		{7DD58687-3269-437F-BF35-356A1DBE4D47}.Release 4.0|x86.ActiveCfg = Release|x86
		{7DD58687-3269-437F-BF35-356A1DBE4D47}.Release 4.0|x86.Build.0 = Release|x86
		{7DD58687-3269-437F-BF35-356A1DBE4D47}.Release 4.5|Any CPU.ActiveCfg = Release|Any CPU
		{7DD58687-3269-437F-BF35-356A1DBE4D47}.Release 4.5|Any CPU.Build.0 = Release|Any CPU
		{7DD58687-3269-437F-BF35-356A1DBE4D47}.Release 4.5|x64.ActiveCfg = Release|Any CPU
		{7DD58687-3269-437F-BF35-356A1DBE4D47}.Release 4.5|x64.Build.0 = Release|Any CPU
		{7DD58687-3269-437F-BF35-356A1DBE4D47}.Release 4.5|x86.ActiveCfg = Release|x86
		{7DD58687-3269-437F-BF35-356A1DBE4D47}.Release 4.5|x86.Build.0 = Release|x86
		{7DD58687-3269-437F-BF35-356A1DBE4D47}.Release 4.6.1|Any CPU.ActiveCfg = Release|Any CPU
		{7DD58687-3269-437F-BF35-356A1DBE4D47}.Release 4.6.1|Any CPU.Build.0 = Release|Any CPU
		{7DD58687-3269-437F-BF35-356A1DBE4D47}.Release 4.6.1|x64.ActiveCfg = Release|Any CPU
		{7DD58687-3269-437F-BF35-356A1DBE4D47}.Release 4.6.1|x64.Build.0 = Release|Any CPU
		{7DD58687-3269-437F-BF35-356A1DBE4D47}.Release 4.6.1|x86.ActiveCfg = Release|x86
		{7DD58687-3269-437F-BF35-356A1DBE4D47}.Release 4.6.1|x86.Build.0 = Release|x86
		{7DD58687-3269-437F-BF35-356A1DBE4D47}.Release|Any CPU.ActiveCfg = Release|Any CPU
		{7DD58687-3269-437F-BF35-356A1DBE4D47}.Release|Any CPU.Build.0 = Release|Any CPU
		{7DD58687-3269-437F-BF35-356A1DBE4D47}.Release|x64.ActiveCfg = Release|Any CPU
		{7DD58687-3269-437F-BF35-356A1DBE4D47}.Release|x64.Build.0 = Release|Any CPU
		{7DD58687-3269-437F-BF35-356A1DBE4D47}.Release|x86.ActiveCfg = Release|x86
		{7DD58687-3269-437F-BF35-356A1DBE4D47}.Release|x86.Build.0 = Release|x86
	EndGlobalSection
	GlobalSection(SolutionProperties) = preSolution
		HideSolutionNode = FALSE
	EndGlobalSection
	GlobalSection(ExtensibilityGlobals) = postSolution
		SolutionGuid = {9C99F506-AA33-44A6-A868-B4CAF9D050F1}
	EndGlobalSection
EndGlobal
